
Microsoft Visual Studio Solution File, Format Version 12.00
# Visual Studio Version 16
VisualStudioVersion = 16.0.30523.141
MinimumVisualStudioVersion = 10.0.40219.1
Project("{8BC9CEB8-8B4A-11D0-8D11-00A0C91BC942}") = "lab_5_C", "lab_5_C\lab_5_C.vcxproj", "{4BE82DC3-ADF7-4BA5-ACDA-3E86A12432B1}"
EndProject
Global
	GlobalSection(SolutionConfigurationPlatforms) = preSolution
		Debug|x64 = Debug|x64
		Debug|x86 = Debug|x86
		Release|x64 = Release|x64
		Release|x86 = Release|x86
	EndGlobalSection
	GlobalSection(ProjectConfigurationPlatforms) = postSolution
		{4BE82DC3-ADF7-4BA5-ACDA-3E86A12432B1}.Debug|x64.ActiveCfg = Debug|x64
		{4BE82DC3-ADF7-4BA5-ACDA-3E86A12432B1}.Debug|x64.Build.0 = Debug|x64
		{4BE82DC3-ADF7-4BA5-ACDA-3E86A12432B1}.Debug|x86.ActiveCfg = Debug|Win32
		{4BE82DC3-ADF7-4BA5-ACDA-3E86A12432B1}.Debug|x86.Build.0 = Debug|Win32
		{4BE82DC3-ADF7-4BA5-ACDA-3E86A12432B1}.Release|x64.ActiveCfg = Release|x64
		{4BE82DC3-ADF7-4BA5-ACDA-3E86A12432B1}.Release|x64.Build.0 = Release|x64
		{4BE82DC3-ADF7-4BA5-ACDA-3E86A12432B1}.Release|x86.ActiveCfg = Release|Win32
		{4BE82DC3-ADF7-4BA5-ACDA-3E86A12432B1}.Release|x86.Build.0 = Release|Win32
	EndGlobalSection
	GlobalSection(SolutionProperties) = preSolution
		HideSolutionNode = FALSE
	EndGlobalSection
	GlobalSection(ExtensibilityGlobals) = postSolution
		SolutionGuid = {435CFBB8-21CD-42AE-80CB-04C5C73BD73E}
	EndGlobalSection
EndGlobal
